{
  "name": "dsan5200-airbnb-story",
  "lockfileVersion": 3,
  "requires": true,
  "packages": {
    "": {
      "dependencies": {
        "observable": "^2.1.4"
      }
    },
    "node_modules/observable": {
      "version": "2.1.4",
      "resolved": "https://registry.npmjs.org/observable/-/observable-2.1.4.tgz",
      "integrity": "sha512-YP03BvfvWSu3IZgcByNp5d9mNJAMjJG8TI2z9rrAR0jQvVH6csE+3VPkAemR0n3hOlI5vJ7gWgg0YPGUFZaQBg=="
    }
  }
}
